
Microsoft Visual Studio Solution File, Format Version 12.00
# Visual Studio Version 16
VisualStudioVersion = 16.0.30907.101
MinimumVisualStudioVersion = 10.0.40219.1
Project("{9A19103F-16F7-4668-BE54-9A1E7A4F7556}") = "HugoBossAPI", "HugoBossAPI\HugoBossAPI.csproj", "{10EBB409-7BF4-4D6B-833D-CAA7238C4965}"
EndProject
Project("{9A19103F-16F7-4668-BE54-9A1E7A4F7556}") = "Entities", "Entities\Entities.csproj", "{6D9EAF3B-8E11-4E85-B34C-B0B40212B39B}"
EndProject
Project("{9A19103F-16F7-4668-BE54-9A1E7A4F7556}") = "DataAccess", "DataAccess\DataAccess.csproj", "{69219681-13DF-4BBD-B387-9B370559C320}"
EndProject
Project("{9A19103F-16F7-4668-BE54-9A1E7A4F7556}") = "Business", "Business\Business.csproj", "{8D4F7BF5-80AC-4798-9084-18201E28075E}"
EndProject
Project("{9A19103F-16F7-4668-BE54-9A1E7A4F7556}") = "Core", "Core\Core.csproj", "{BBE6C4B6-3A48-4873-8589-30DB075335D3}"
EndProject
Global
	GlobalSection(SolutionConfigurationPlatforms) = preSolution
		Debug|Any CPU = Debug|Any CPU
		Release|Any CPU = Release|Any CPU
	EndGlobalSection
	GlobalSection(ProjectConfigurationPlatforms) = postSolution
		{10EBB409-7BF4-4D6B-833D-CAA7238C4965}.Debug|Any CPU.ActiveCfg = Debug|Any CPU
		{10EBB409-7BF4-4D6B-833D-CAA7238C4965}.Debug|Any CPU.Build.0 = Debug|Any CPU
		{10EBB409-7BF4-4D6B-833D-CAA7238C4965}.Release|Any CPU.ActiveCfg = Release|Any CPU
		{10EBB409-7BF4-4D6B-833D-CAA7238C4965}.Release|Any CPU.Build.0 = Release|Any CPU
		{6D9EAF3B-8E11-4E85-B34C-B0B40212B39B}.Debug|Any CPU.ActiveCfg = Debug|Any CPU
		{6D9EAF3B-8E11-4E85-B34C-B0B40212B39B}.Debug|Any CPU.Build.0 = Debug|Any CPU
		{6D9EAF3B-8E11-4E85-B34C-B0B40212B39B}.Release|Any CPU.ActiveCfg = Release|Any CPU
		{6D9EAF3B-8E11-4E85-B34C-B0B40212B39B}.Release|Any CPU.Build.0 = Release|Any CPU
		{69219681-13DF-4BBD-B387-9B370559C320}.Debug|Any CPU.ActiveCfg = Debug|Any CPU
		{69219681-13DF-4BBD-B387-9B370559C320}.Debug|Any CPU.Build.0 = Debug|Any CPU
		{69219681-13DF-4BBD-B387-9B370559C320}.Release|Any CPU.ActiveCfg = Release|Any CPU
		{69219681-13DF-4BBD-B387-9B370559C320}.Release|Any CPU.Build.0 = Release|Any CPU
		{8D4F7BF5-80AC-4798-9084-18201E28075E}.Debug|Any CPU.ActiveCfg = Debug|Any CPU
		{8D4F7BF5-80AC-4798-9084-18201E28075E}.Debug|Any CPU.Build.0 = Debug|Any CPU
		{8D4F7BF5-80AC-4798-9084-18201E28075E}.Release|Any CPU.ActiveCfg = Release|Any CPU
		{8D4F7BF5-80AC-4798-9084-18201E28075E}.Release|Any CPU.Build.0 = Release|Any CPU
		{BBE6C4B6-3A48-4873-8589-30DB075335D3}.Debug|Any CPU.ActiveCfg = Debug|Any CPU
		{BBE6C4B6-3A48-4873-8589-30DB075335D3}.Debug|Any CPU.Build.0 = Debug|Any CPU
		{BBE6C4B6-3A48-4873-8589-30DB075335D3}.Release|Any CPU.ActiveCfg = Release|Any CPU
		{BBE6C4B6-3A48-4873-8589-30DB075335D3}.Release|Any CPU.Build.0 = Release|Any CPU
	EndGlobalSection
	GlobalSection(SolutionProperties) = preSolution
		HideSolutionNode = FALSE
	EndGlobalSection
	GlobalSection(ExtensibilityGlobals) = postSolution
		SolutionGuid = {BC641293-81CF-45BF-9674-2CD1ABEBE425}
	EndGlobalSection
EndGlobal
